{
  "name": "discorddocchatbot",
  "version": "1.0.0",
  "lockfileVersion": 3,
  "requires": true,
  "packages": {
    "": {
      "name": "discorddocchatbot",
      "version": "1.0.0",
      "license": "ISC",
      "dependencies": {
        "discord-bot-cdk-construct": "^0.3.5"
      },
      "devDependencies": {
        "@commitlint/config-conventional": "^17.7.0"
      }
    },
    "node_modules/@aws-cdk/asset-awscli-v1": {
      "version": "2.2.201",
      "resolved": "https://registry.npmjs.org/@aws-cdk/asset-awscli-v1/-/asset-awscli-v1-2.2.201.tgz",
      "integrity": "sha512-INZqcwDinNaIdb5CtW3ez5s943nX5stGBQS6VOP2JDlOFP81hM3fds/9NDknipqfUkZM43dx+HgVvkXYXXARCQ==",
      "peer": true
    },
    "node_modules/@aws-cdk/asset-kubectl-v20": {
      "version": "2.1.2",
      "resolved": "https://registry.npmjs.org/@aws-cdk/asset-kubectl-v20/-/asset-kubectl-v20-2.1.2.tgz",
      "integrity": "sha512-3M2tELJOxQv0apCIiuKQ4pAbncz9GuLwnKFqxifWfe77wuMxyTRPmxssYHs42ePqzap1LT6GDcPygGs+hHstLg==",
      "peer": true
    },
    "node_modules/@aws-cdk/asset-node-proxy-agent-v6": {
      "version": "2.0.1",
      "resolved": "https://registry.npmjs.org/@aws-cdk/asset-node-proxy-agent-v6/-/asset-node-proxy-agent-v6-2.0.1.tgz",
      "integrity": "sha512-DDt4SLdLOwWCjGtltH4VCST7hpOI5DzieuhGZsBpZ+AgJdSI2GCjklCXm0GCTwJG/SolkL5dtQXyUKgg9luBDg==",
      "peer": true
    },
    "node_modules/@commitlint/config-conventional": {
      "version": "17.7.0",
      "resolved": "https://registry.npmjs.org/@commitlint/config-conventional/-/config-conventional-17.7.0.tgz",
      "integrity": "sha512-iicqh2o6et+9kWaqsQiEYZzfLbtoWv9uZl8kbI8EGfnc0HeGafQBF7AJ0ylN9D/2kj6txltsdyQs8+2fTMwWEw==",
      "dev": true,
      "dependencies": {
        "conventional-changelog-conventionalcommits": "^6.1.0"
      },
      "engines": {
        "node": ">=v14"
      }
    },
    "node_modules/array-ify": {
      "version": "1.0.0",
      "resolved": "https://registry.npmjs.org/array-ify/-/array-ify-1.0.0.tgz",
      "integrity": "sha512-c5AMf34bKdvPhQ7tBGhqkgKNUzMr4WUs+WDtC2ZUGOUncbxKMTvqxYctiseW3+L4bA8ec+GcZ6/A/FW4m8ukng==",
      "dev": true
    },
    "node_modules/aws-cdk-lib": {
      "version": "2.99.1",
      "resolved": "https://registry.npmjs.org/aws-cdk-lib/-/aws-cdk-lib-2.99.1.tgz",
      "integrity": "sha512-mUhuT2JTy3VyX9o9IOSuy7UYDimFHGnmpASwTb4rD10Hksb1dTqqN2BsXU5kogHakYevBD3vwYc87rOVso4M7Q==",
      "bundleDependencies": [
        "@balena/dockerignore",
        "case",
        "fs-extra",
        "ignore",
        "jsonschema",
        "minimatch",
        "punycode",
        "semver",
        "table",
        "yaml"
      ],
      "peer": true,
      "dependencies": {
        "@aws-cdk/asset-awscli-v1": "^2.2.200",
        "@aws-cdk/asset-kubectl-v20": "^2.1.2",
        "@aws-cdk/asset-node-proxy-agent-v6": "^2.0.1",
        "@balena/dockerignore": "^1.0.2",
        "case": "1.6.3",
        "fs-extra": "^11.1.1",
        "ignore": "^5.2.4",
        "jsonschema": "^1.4.1",
        "minimatch": "^3.1.2",
        "punycode": "^2.3.0",
        "semver": "^7.5.4",
        "table": "^6.8.1",
        "yaml": "1.10.2"
      },
      "engines": {
        "node": ">= 14.15.0"
      },
      "peerDependencies": {
        "constructs": "^10.0.0"
      }
    },
    "node_modules/aws-cdk-lib/node_modules/@balena/dockerignore": {
      "version": "1.0.2",
      "inBundle": true,
      "license": "Apache-2.0",
      "peer": true
    },
    "node_modules/aws-cdk-lib/node_modules/ajv": {
      "version": "8.12.0",
      "inBundle": true,
      "license": "MIT",
      "peer": true,
      "dependencies": {
        "fast-deep-equal": "^3.1.1",
        "json-schema-traverse": "^1.0.0",
        "require-from-string": "^2.0.2",
        "uri-js": "^4.2.2"
      },
      "funding": {
        "type": "github",
        "url": "https://github.com/sponsors/epoberezkin"
      }
    },
    "node_modules/aws-cdk-lib/node_modules/ansi-regex": {
      "version": "5.0.1",
      "inBundle": true,
      "license": "MIT",
      "peer": true,
      "engines": {
        "node": ">=8"
      }
    },
    "node_modules/aws-cdk-lib/node_modules/ansi-styles": {
      "version": "4.3.0",
      "inBundle": true,
      "license": "MIT",
      "peer": true,
      "dependencies": {
        "color-convert": "^2.0.1"
      },
      "engines": {
        "node": ">=8"
      },
      "funding": {
        "url": "https://github.com/chalk/ansi-styles?sponsor=1"
      }
    },
    "node_modules/aws-cdk-lib/node_modules/astral-regex": {
      "version": "2.0.0",
      "inBundle": true,
      "license": "MIT",
      "peer": true,
      "engines": {
        "node": ">=8"
      }
    },
    "node_modules/aws-cdk-lib/node_modules/balanced-match": {
      "version": "1.0.2",
      "inBundle": true,
      "license": "MIT",
      "peer": true
    },
    "node_modules/aws-cdk-lib/node_modules/brace-expansion": {
      "version": "1.1.11",
      "inBundle": true,
      "license": "MIT",
      "peer": true,
      "dependencies": {
        "balanced-match": "^1.0.0",
        "concat-map": "0.0.1"
      }
    },
    "node_modules/aws-cdk-lib/node_modules/case": {
      "version": "1.6.3",
      "inBundle": true,
      "license": "(MIT OR GPL-3.0-or-later)",
      "peer": true,
      "engines": {
        "node": ">= 0.8.0"
      }
    },
    "node_modules/aws-cdk-lib/node_modules/color-convert": {
      "version": "2.0.1",
      "inBundle": true,
      "license": "MIT",
      "peer": true,
      "dependencies": {
        "color-name": "~1.1.4"
      },
      "engines": {
        "node": ">=7.0.0"
      }
    },
    "node_modules/aws-cdk-lib/node_modules/color-name": {
      "version": "1.1.4",
      "inBundle": true,
      "license": "MIT",
      "peer": true
    },
    "node_modules/aws-cdk-lib/node_modules/concat-map": {
      "version": "0.0.1",
      "inBundle": true,
      "license": "MIT",
      "peer": true
    },
    "node_modules/aws-cdk-lib/node_modules/emoji-regex": {
      "version": "8.0.0",
      "inBundle": true,
      "license": "MIT",
      "peer": true
    },
    "node_modules/aws-cdk-lib/node_modules/fast-deep-equal": {
      "version": "3.1.3",
      "inBundle": true,
      "license": "MIT",
      "peer": true
    },
    "node_modules/aws-cdk-lib/node_modules/fs-extra": {
      "version": "11.1.1",
      "inBundle": true,
      "license": "MIT",
      "peer": true,
      "dependencies": {
        "graceful-fs": "^4.2.0",
        "jsonfile": "^6.0.1",
        "universalify": "^2.0.0"
      },
      "engines": {
        "node": ">=14.14"
      }
    },
    "node_modules/aws-cdk-lib/node_modules/graceful-fs": {
      "version": "4.2.11",
      "inBundle": true,
      "license": "ISC",
      "peer": true
    },
    "node_modules/aws-cdk-lib/node_modules/ignore": {
      "version": "5.2.4",
      "inBundle": true,
      "license": "MIT",
      "peer": true,
      "engines": {
        "node": ">= 4"
      }
    },
    "node_modules/aws-cdk-lib/node_modules/is-fullwidth-code-point": {
      "version": "3.0.0",
      "inBundle": true,
      "license": "MIT",
      "peer": true,
      "engines": {
        "node": ">=8"
      }
    },
    "node_modules/aws-cdk-lib/node_modules/json-schema-traverse": {
      "version": "1.0.0",
      "inBundle": true,
      "license": "MIT",
      "peer": true
    },
    "node_modules/aws-cdk-lib/node_modules/jsonfile": {
      "version": "6.1.0",
      "inBundle": true,
      "license": "MIT",
      "peer": true,
      "dependencies": {
        "universalify": "^2.0.0"
      },
      "optionalDependencies": {
        "graceful-fs": "^4.1.6"
      }
    },
    "node_modules/aws-cdk-lib/node_modules/jsonschema": {
      "version": "1.4.1",
      "inBundle": true,
      "license": "MIT",
      "peer": true,
      "engines": {
        "node": "*"
      }
    },
    "node_modules/aws-cdk-lib/node_modules/lodash.truncate": {
      "version": "4.4.2",
      "inBundle": true,
      "license": "MIT",
      "peer": true
    },
    "node_modules/aws-cdk-lib/node_modules/lru-cache": {
      "version": "6.0.0",
      "inBundle": true,
      "license": "ISC",
      "peer": true,
      "dependencies": {
        "yallist": "^4.0.0"
      },
      "engines": {
        "node": ">=10"
      }
    },
    "node_modules/aws-cdk-lib/node_modules/minimatch": {
      "version": "3.1.2",
      "inBundle": true,
      "license": "ISC",
      "peer": true,
      "dependencies": {
        "brace-expansion": "^1.1.7"
      },
      "engines": {
        "node": "*"
      }
    },
    "node_modules/aws-cdk-lib/node_modules/punycode": {
      "version": "2.3.0",
      "inBundle": true,
      "license": "MIT",
      "peer": true,
      "engines": {
        "node": ">=6"
      }
    },
    "node_modules/aws-cdk-lib/node_modules/require-from-string": {
      "version": "2.0.2",
      "inBundle": true,
      "license": "MIT",
      "peer": true,
      "engines": {
        "node": ">=0.10.0"
      }
    },
    "node_modules/aws-cdk-lib/node_modules/semver": {
      "version": "7.5.4",
      "inBundle": true,
      "license": "ISC",
      "peer": true,
      "dependencies": {
        "lru-cache": "^6.0.0"
      },
      "bin": {
        "semver": "bin/semver.js"
      },
      "engines": {
        "node": ">=10"
      }
    },
    "node_modules/aws-cdk-lib/node_modules/slice-ansi": {
      "version": "4.0.0",
      "inBundle": true,
      "license": "MIT",
      "peer": true,
      "dependencies": {
        "ansi-styles": "^4.0.0",
        "astral-regex": "^2.0.0",
        "is-fullwidth-code-point": "^3.0.0"
      },
      "engines": {
        "node": ">=10"
      },
      "funding": {
        "url": "https://github.com/chalk/slice-ansi?sponsor=1"
      }
    },
    "node_modules/aws-cdk-lib/node_modules/string-width": {
      "version": "4.2.3",
      "inBundle": true,
      "license": "MIT",
      "peer": true,
      "dependencies": {
        "emoji-regex": "^8.0.0",
        "is-fullwidth-code-point": "^3.0.0",
        "strip-ansi": "^6.0.1"
      },
      "engines": {
        "node": ">=8"
      }
    },
    "node_modules/aws-cdk-lib/node_modules/strip-ansi": {
      "version": "6.0.1",
      "inBundle": true,
      "license": "MIT",
      "peer": true,
      "dependencies": {
        "ansi-regex": "^5.0.1"
      },
      "engines": {
        "node": ">=8"
      }
    },
    "node_modules/aws-cdk-lib/node_modules/table": {
      "version": "6.8.1",
      "inBundle": true,
      "license": "BSD-3-Clause",
      "peer": true,
      "dependencies": {
        "ajv": "^8.0.1",
        "lodash.truncate": "^4.4.2",
        "slice-ansi": "^4.0.0",
        "string-width": "^4.2.3",
        "strip-ansi": "^6.0.1"
      },
      "engines": {
        "node": ">=10.0.0"
      }
    },
    "node_modules/aws-cdk-lib/node_modules/universalify": {
      "version": "2.0.0",
      "inBundle": true,
      "license": "MIT",
      "peer": true,
      "engines": {
        "node": ">= 10.0.0"
      }
    },
    "node_modules/aws-cdk-lib/node_modules/uri-js": {
      "version": "4.4.1",
      "inBundle": true,
      "license": "BSD-2-Clause",
      "peer": true,
      "dependencies": {
        "punycode": "^2.1.0"
      }
    },
    "node_modules/aws-cdk-lib/node_modules/yallist": {
      "version": "4.0.0",
      "inBundle": true,
      "license": "ISC",
      "peer": true
    },
    "node_modules/aws-cdk-lib/node_modules/yaml": {
      "version": "1.10.2",
      "inBundle": true,
      "license": "ISC",
      "peer": true,
      "engines": {
        "node": ">= 6"
      }
    },
    "node_modules/compare-func": {
      "version": "2.0.0",
      "resolved": "https://registry.npmjs.org/compare-func/-/compare-func-2.0.0.tgz",
      "integrity": "sha512-zHig5N+tPWARooBnb0Zx1MFcdfpyJrfTJ3Y5L+IFvUm8rM74hHz66z0gw0x4tijh5CorKkKUCnW82R2vmpeCRA==",
      "dev": true,
      "dependencies": {
        "array-ify": "^1.0.0",
        "dot-prop": "^5.1.0"
      }
    },
    "node_modules/constructs": {
      "version": "10.0.117",
      "resolved": "https://registry.npmjs.org/constructs/-/constructs-10.0.117.tgz",
      "integrity": "sha512-yYrv0jRBwrqd8Y2wJmB4ILuVnA2O811vzcbBnysxQSKZw2+n+lgJlGrpDRfEWwsy318OTSwa3BqEqBYztTpOqA==",
      "peer": true,
      "engines": {
        "node": ">= 12.7.0"
      }
    },
    "node_modules/conventional-changelog-conventionalcommits": {
      "version": "6.1.0",
      "resolved": "https://registry.npmjs.org/conventional-changelog-conventionalcommits/-/conventional-changelog-conventionalcommits-6.1.0.tgz",
      "integrity": "sha512-3cS3GEtR78zTfMzk0AizXKKIdN4OvSh7ibNz6/DPbhWWQu7LqE/8+/GqSodV+sywUR2gpJAdP/1JFf4XtN7Zpw==",
      "dev": true,
      "dependencies": {
        "compare-func": "^2.0.0"
      },
      "engines": {
        "node": ">=14"
      }
    },
    "node_modules/discord-bot-cdk-construct": {
      "version": "0.3.5",
      "resolved": "https://registry.npmjs.org/discord-bot-cdk-construct/-/discord-bot-cdk-construct-0.3.5.tgz",
      "integrity": "sha512-IspyjfRnXkdeNmMCh2YHikl2ug3aPeAyHTvBDx0EvbDxOXj/tbvxWxFryzU/V080PAkPeUrJTuJRkKjLEki7Bg==",
      "bundleDependencies": [
        "aws-lambda",
        "aws-sdk",
        "aws-sdk-mock",
        "axios",
        "esbuild",
        "requests",
        "tweetnacl"
      ],
      "dependencies": {
        "aws-lambda": "^1.0.7",
        "aws-sdk": "^2.1105.0",
        "aws-sdk-mock": "^5.1.0",
        "axios": "^0.21.4",
        "esbuild": "^0.8.53",
        "requests": "^0.3.0",
        "tweetnacl": "^0.14.5"
      },
      "peerDependencies": {
        "aws-cdk-lib": "2.99.1",
        "constructs": "10.0.117"
      }
    },
    "node_modules/discord-bot-cdk-construct/node_modules/@sinonjs/commons": {
      "version": "1.8.3",
      "inBundle": true,
      "license": "BSD-3-Clause",
      "dependencies": {
        "type-detect": "4.0.8"
      }
    },
    "node_modules/discord-bot-cdk-construct/node_modules/@sinonjs/fake-timers": {
      "version": "6.0.1",
      "inBundle": true,
      "license": "BSD-3-Clause",
      "dependencies": {
        "@sinonjs/commons": "^1.7.0"
      }
    },
    "node_modules/discord-bot-cdk-construct/node_modules/@sinonjs/samsam": {
      "version": "6.1.1",
      "inBundle": true,
      "license": "BSD-3-Clause",
      "dependencies": {
        "@sinonjs/commons": "^1.6.0",
        "lodash.get": "^4.4.2",
        "type-detect": "^4.0.8"
      }
    },
    "node_modules/discord-bot-cdk-construct/node_modules/@sinonjs/text-encoding": {
      "version": "0.7.1",
      "inBundle": true,
      "license": "(Unlicense OR Apache-2.0)"
    },
    "node_modules/discord-bot-cdk-construct/node_modules/argparse": {
      "version": "1.0.10",
      "inBundle": true,
      "license": "MIT",
      "dependencies": {
        "sprintf-js": "~1.0.2"
      }
    },
    "node_modules/discord-bot-cdk-construct/node_modules/available-typed-arrays": {
      "version": "1.0.5",
      "inBundle": true,
      "license": "MIT",
      "engines": {
        "node": ">= 0.4"
      },
      "funding": {
        "url": "https://github.com/sponsors/ljharb"
      }
    },
    "node_modules/discord-bot-cdk-construct/node_modules/aws-lambda": {
      "version": "1.0.7",
      "inBundle": true,
      "license": "MIT",
      "dependencies": {
        "aws-sdk": "^2.814.0",
        "commander": "^3.0.2",
        "js-yaml": "^3.14.1",
        "watchpack": "^2.0.0-beta.10"
      },
      "bin": {
        "lambda": "bin/lambda"
      }
    },
    "node_modules/discord-bot-cdk-construct/node_modules/aws-sdk": {
      "version": "2.1468.0",
      "inBundle": true,
      "license": "Apache-2.0",
      "dependencies": {
        "buffer": "4.9.2",
        "events": "1.1.1",
        "ieee754": "1.1.13",
        "jmespath": "0.16.0",
        "querystring": "0.2.0",
        "sax": "1.2.1",
        "url": "0.10.3",
        "util": "^0.12.4",
        "uuid": "8.0.0",
        "xml2js": "0.5.0"
      },
      "engines": {
        "node": ">= 10.0.0"
      }
    },
    "node_modules/discord-bot-cdk-construct/node_modules/aws-sdk-mock": {
      "version": "5.6.2",
      "inBundle": true,
      "license": "Apache-2.0",
      "dependencies": {
        "aws-sdk": "^2.928.0",
        "sinon": "^11.1.1",
        "traverse": "^0.6.6"
      }
    },
    "node_modules/discord-bot-cdk-construct/node_modules/axios": {
      "version": "0.21.4",
      "inBundle": true,
      "license": "MIT",
      "dependencies": {
        "follow-redirects": "^1.14.0"
      }
    },
    "node_modules/discord-bot-cdk-construct/node_modules/axo": {
      "version": "0.0.2",
      "inBundle": true,
      "license": "MIT"
    },
    "node_modules/discord-bot-cdk-construct/node_modules/base64-js": {
      "version": "1.5.1",
      "funding": [
        {
          "type": "github",
          "url": "https://github.com/sponsors/feross"
        },
        {
          "type": "patreon",
          "url": "https://www.patreon.com/feross"
        },
        {
          "type": "consulting",
          "url": "https://feross.org/support"
        }
      ],
      "inBundle": true,
      "license": "MIT"
    },
    "node_modules/discord-bot-cdk-construct/node_modules/buffer": {
      "version": "4.9.2",
      "inBundle": true,
      "license": "MIT",
      "dependencies": {
        "base64-js": "^1.0.2",
        "ieee754": "^1.1.4",
        "isarray": "^1.0.0"
      }
    },
    "node_modules/discord-bot-cdk-construct/node_modules/call-bind": {
      "version": "1.0.2",
      "inBundle": true,
      "license": "MIT",
      "dependencies": {
        "function-bind": "^1.1.1",
        "get-intrinsic": "^1.0.2"
      },
      "funding": {
        "url": "https://github.com/sponsors/ljharb"
      }
    },
    "node_modules/discord-bot-cdk-construct/node_modules/commander": {
      "version": "3.0.2",
      "inBundle": true,
      "license": "MIT"
    },
    "node_modules/discord-bot-cdk-construct/node_modules/diff": {
      "version": "5.0.0",
      "inBundle": true,
      "license": "BSD-3-Clause",
      "engines": {
        "node": ">=0.3.1"
      }
    },
    "node_modules/discord-bot-cdk-construct/node_modules/esbuild": {
      "version": "0.8.57",
      "hasInstallScript": true,
      "inBundle": true,
      "license": "MIT",
      "bin": {
        "esbuild": "bin/esbuild"
      }
    },
    "node_modules/discord-bot-cdk-construct/node_modules/esprima": {
      "version": "4.0.1",
      "inBundle": true,
      "license": "BSD-2-Clause",
      "bin": {
        "esparse": "bin/esparse.js",
        "esvalidate": "bin/esvalidate.js"
      },
      "engines": {
        "node": ">=4"
      }
    },
    "node_modules/discord-bot-cdk-construct/node_modules/eventemitter3": {
      "version": "4.0.7",
      "inBundle": true,
      "license": "MIT"
    },
    "node_modules/discord-bot-cdk-construct/node_modules/events": {
      "version": "1.1.1",
      "inBundle": true,
      "license": "MIT",
      "engines": {
        "node": ">=0.4.x"
      }
    },
    "node_modules/discord-bot-cdk-construct/node_modules/extendible": {
      "version": "0.1.1",
      "inBundle": true,
      "license": "MIT"
    },
    "node_modules/discord-bot-cdk-construct/node_modules/failure": {
      "version": "1.1.1",
      "inBundle": true,
      "license": "MIT"
    },
    "node_modules/discord-bot-cdk-construct/node_modules/follow-redirects": {
      "version": "1.14.9",
      "funding": [
        {
          "type": "individual",
          "url": "https://github.com/sponsors/RubenVerborgh"
        }
      ],
      "inBundle": true,
      "license": "MIT",
      "engines": {
        "node": ">=4.0"
      },
      "peerDependenciesMeta": {
        "debug": {
          "optional": true
        }
      }
    },
    "node_modules/discord-bot-cdk-construct/node_modules/for-each": {
      "version": "0.3.3",
      "inBundle": true,
      "license": "MIT",
      "dependencies": {
        "is-callable": "^1.1.3"
      }
    },
    "node_modules/discord-bot-cdk-construct/node_modules/function-bind": {
      "version": "1.1.1",
      "inBundle": true,
      "license": "MIT"
    },
    "node_modules/discord-bot-cdk-construct/node_modules/get-intrinsic": {
      "version": "1.2.1",
      "inBundle": true,
      "license": "MIT",
      "dependencies": {
        "function-bind": "^1.1.1",
        "has": "^1.0.3",
        "has-proto": "^1.0.1",
        "has-symbols": "^1.0.3"
      },
      "funding": {
        "url": "https://github.com/sponsors/ljharb"
      }
    },
    "node_modules/discord-bot-cdk-construct/node_modules/glob-to-regexp": {
      "version": "0.4.1",
      "inBundle": true,
      "license": "BSD-2-Clause"
    },
    "node_modules/discord-bot-cdk-construct/node_modules/gopd": {
      "version": "1.0.1",
      "inBundle": true,
      "license": "MIT",
      "dependencies": {
        "get-intrinsic": "^1.1.3"
      },
      "funding": {
        "url": "https://github.com/sponsors/ljharb"
      }
    },
    "node_modules/discord-bot-cdk-construct/node_modules/graceful-fs": {
      "version": "4.2.10",
      "inBundle": true,
      "license": "ISC"
    },
    "node_modules/discord-bot-cdk-construct/node_modules/hang": {
      "version": "1.0.0",
      "inBundle": true,
      "license": "MIT"
    },
    "node_modules/discord-bot-cdk-construct/node_modules/has": {
      "version": "1.0.3",
      "inBundle": true,
      "license": "MIT",
      "dependencies": {
        "function-bind": "^1.1.1"
      },
      "engines": {
        "node": ">= 0.4.0"
      }
    },
    "node_modules/discord-bot-cdk-construct/node_modules/has-flag": {
      "version": "4.0.0",
      "inBundle": true,
      "license": "MIT",
      "engines": {
        "node": ">=8"
      }
    },
    "node_modules/discord-bot-cdk-construct/node_modules/has-proto": {
      "version": "1.0.1",
      "inBundle": true,
      "license": "MIT",
      "engines": {
        "node": ">= 0.4"
      },
      "funding": {
        "url": "https://github.com/sponsors/ljharb"
      }
    },
    "node_modules/discord-bot-cdk-construct/node_modules/has-symbols": {
      "version": "1.0.3",
      "inBundle": true,
      "license": "MIT",
      "engines": {
        "node": ">= 0.4"
      },
      "funding": {
        "url": "https://github.com/sponsors/ljharb"
      }
    },
    "node_modules/discord-bot-cdk-construct/node_modules/has-tostringtag": {
      "version": "1.0.0",
      "inBundle": true,
      "license": "MIT",
      "dependencies": {
        "has-symbols": "^1.0.2"
      },
      "engines": {
        "node": ">= 0.4"
      },
      "funding": {
        "url": "https://github.com/sponsors/ljharb"
      }
    },
    "node_modules/discord-bot-cdk-construct/node_modules/ieee754": {
      "version": "1.1.13",
      "inBundle": true,
      "license": "BSD-3-Clause"
    },
    "node_modules/discord-bot-cdk-construct/node_modules/inherits": {
      "version": "2.0.4",
      "inBundle": true,
      "license": "ISC"
    },
    "node_modules/discord-bot-cdk-construct/node_modules/is-arguments": {
      "version": "1.1.1",
      "inBundle": true,
      "license": "MIT",
      "dependencies": {
        "call-bind": "^1.0.2",
        "has-tostringtag": "^1.0.0"
      },
      "engines": {
        "node": ">= 0.4"
      },
      "funding": {
        "url": "https://github.com/sponsors/ljharb"
      }
    },
    "node_modules/discord-bot-cdk-construct/node_modules/is-callable": {
      "version": "1.2.7",
      "inBundle": true,
      "license": "MIT",
      "engines": {
        "node": ">= 0.4"
      },
      "funding": {
        "url": "https://github.com/sponsors/ljharb"
      }
    },
    "node_modules/discord-bot-cdk-construct/node_modules/is-generator-function": {
      "version": "1.0.10",
      "inBundle": true,
      "license": "MIT",
      "dependencies": {
        "has-tostringtag": "^1.0.0"
      },
      "engines": {
        "node": ">= 0.4"
      },
      "funding": {
        "url": "https://github.com/sponsors/ljharb"
      }
    },
    "node_modules/discord-bot-cdk-construct/node_modules/is-typed-array": {
      "version": "1.1.12",
      "inBundle": true,
      "license": "MIT",
      "dependencies": {
        "which-typed-array": "^1.1.11"
      },
      "engines": {
        "node": ">= 0.4"
      },
      "funding": {
        "url": "https://github.com/sponsors/ljharb"
      }
    },
    "node_modules/discord-bot-cdk-construct/node_modules/isarray": {
      "version": "1.0.0",
      "inBundle": true,
      "license": "MIT"
    },
    "node_modules/discord-bot-cdk-construct/node_modules/jmespath": {
      "version": "0.16.0",
      "inBundle": true,
      "license": "Apache-2.0",
      "engines": {
        "node": ">= 0.6.0"
      }
    },
    "node_modules/discord-bot-cdk-construct/node_modules/js-yaml": {
      "version": "3.14.1",
      "inBundle": true,
      "license": "MIT",
      "dependencies": {
        "argparse": "^1.0.7",
        "esprima": "^4.0.0"
      },
      "bin": {
        "js-yaml": "bin/js-yaml.js"
      }
    },
    "node_modules/discord-bot-cdk-construct/node_modules/just-extend": {
      "version": "4.2.1",
      "inBundle": true,
      "license": "MIT"
    },
    "node_modules/discord-bot-cdk-construct/node_modules/loads": {
      "version": "0.0.4",
      "inBundle": true,
      "license": "MIT",
      "dependencies": {
        "failure": "1.1.x",
        "one-time": "0.0.x",
        "xhr-response": "1.0.x",
        "xhr-status": "1.0.x"
      }
    },
    "node_modules/discord-bot-cdk-construct/node_modules/lodash.get": {
      "version": "4.4.2",
      "inBundle": true,
      "license": "MIT"
    },
    "node_modules/discord-bot-cdk-construct/node_modules/nise": {
      "version": "5.1.1",
      "inBundle": true,
      "license": "BSD-3-Clause",
      "dependencies": {
        "@sinonjs/commons": "^1.8.3",
        "@sinonjs/fake-timers": ">=5",
        "@sinonjs/text-encoding": "^0.7.1",
        "just-extend": "^4.0.2",
        "path-to-regexp": "^1.7.0"
      }
    },
    "node_modules/discord-bot-cdk-construct/node_modules/node-http-xhr": {
      "version": "1.3.4",
      "inBundle": true,
      "license": "ISC"
    },
    "node_modules/discord-bot-cdk-construct/node_modules/one-time": {
      "version": "0.0.4",
      "inBundle": true,
      "license": "MIT"
    },
    "node_modules/discord-bot-cdk-construct/node_modules/path-to-regexp": {
      "version": "1.8.0",
      "inBundle": true,
      "license": "MIT",
      "dependencies": {
        "isarray": "0.0.1"
      }
    },
    "node_modules/discord-bot-cdk-construct/node_modules/path-to-regexp/node_modules/isarray": {
      "version": "0.0.1",
      "inBundle": true,
      "license": "MIT"
    },
    "node_modules/discord-bot-cdk-construct/node_modules/querystring": {
      "version": "0.2.0",
      "inBundle": true,
      "engines": {
        "node": ">=0.4.x"
      }
    },
    "node_modules/discord-bot-cdk-construct/node_modules/requests": {
      "version": "0.3.0",
      "inBundle": true,
      "license": "MIT",
      "dependencies": {
        "axo": "0.0.x",
        "eventemitter3": "~4.0.0",
        "extendible": "0.1.x",
        "hang": "1.0.x",
        "loads": "0.0.x",
        "node-http-xhr": "~1.3.0",
        "xhr-send": "1.0.x"
      }
    },
    "node_modules/discord-bot-cdk-construct/node_modules/sax": {
      "version": "1.2.1",
      "inBundle": true,
      "license": "ISC"
    },
    "node_modules/discord-bot-cdk-construct/node_modules/sinon": {
      "version": "11.1.2",
      "inBundle": true,
      "license": "BSD-3-Clause",
      "dependencies": {
        "@sinonjs/commons": "^1.8.3",
        "@sinonjs/fake-timers": "^7.1.2",
        "@sinonjs/samsam": "^6.0.2",
        "diff": "^5.0.0",
        "nise": "^5.1.0",
        "supports-color": "^7.2.0"
      },
      "funding": {
        "type": "opencollective",
        "url": "https://opencollective.com/sinon"
      }
    },
    "node_modules/discord-bot-cdk-construct/node_modules/sinon/node_modules/@sinonjs/fake-timers": {
      "version": "7.1.2",
      "inBundle": true,
      "license": "BSD-3-Clause",
      "dependencies": {
        "@sinonjs/commons": "^1.7.0"
      }
    },
    "node_modules/discord-bot-cdk-construct/node_modules/sprintf-js": {
      "version": "1.0.3",
      "inBundle": true,
      "license": "BSD-3-Clause"
    },
    "node_modules/discord-bot-cdk-construct/node_modules/supports-color": {
      "version": "7.2.0",
      "inBundle": true,
      "license": "MIT",
      "dependencies": {
        "has-flag": "^4.0.0"
      },
      "engines": {
        "node": ">=8"
      }
    },
    "node_modules/discord-bot-cdk-construct/node_modules/traverse": {
      "version": "0.6.6",
      "inBundle": true,
      "license": "MIT"
    },
    "node_modules/discord-bot-cdk-construct/node_modules/tweetnacl": {
      "version": "0.14.5",
      "inBundle": true,
      "license": "Unlicense"
    },
    "node_modules/discord-bot-cdk-construct/node_modules/type-detect": {
      "version": "4.0.8",
      "inBundle": true,
      "license": "MIT",
      "engines": {
        "node": ">=4"
      }
    },
    "node_modules/discord-bot-cdk-construct/node_modules/url": {
      "version": "0.10.3",
      "inBundle": true,
      "license": "MIT",
      "dependencies": {
        "punycode": "1.3.2",
        "querystring": "0.2.0"
      }
    },
    "node_modules/discord-bot-cdk-construct/node_modules/url/node_modules/punycode": {
      "version": "1.3.2",
      "inBundle": true,
      "license": "MIT"
    },
    "node_modules/discord-bot-cdk-construct/node_modules/util": {
      "version": "0.12.5",
      "inBundle": true,
      "license": "MIT",
      "dependencies": {
        "inherits": "^2.0.3",
        "is-arguments": "^1.0.4",
        "is-generator-function": "^1.0.7",
        "is-typed-array": "^1.1.3",
        "which-typed-array": "^1.1.2"
      }
    },
    "node_modules/discord-bot-cdk-construct/node_modules/uuid": {
      "version": "8.0.0",
      "inBundle": true,
      "license": "MIT",
      "bin": {
        "uuid": "dist/bin/uuid"
      }
    },
    "node_modules/discord-bot-cdk-construct/node_modules/watchpack": {
      "version": "2.3.1",
      "inBundle": true,
      "license": "MIT",
      "dependencies": {
        "glob-to-regexp": "^0.4.1",
        "graceful-fs": "^4.1.2"
      },
      "engines": {
        "node": ">=10.13.0"
      }
    },
    "node_modules/discord-bot-cdk-construct/node_modules/which-typed-array": {
      "version": "1.1.11",
      "inBundle": true,
      "license": "MIT",
      "dependencies": {
        "available-typed-arrays": "^1.0.5",
        "call-bind": "^1.0.2",
        "for-each": "^0.3.3",
        "gopd": "^1.0.1",
        "has-tostringtag": "^1.0.0"
      },
      "engines": {
        "node": ">= 0.4"
      },
      "funding": {
        "url": "https://github.com/sponsors/ljharb"
      }
    },
    "node_modules/discord-bot-cdk-construct/node_modules/xhr-response": {
      "version": "1.0.1",
      "inBundle": true,
      "license": "MIT"
    },
    "node_modules/discord-bot-cdk-construct/node_modules/xhr-send": {
      "version": "1.0.0",
      "inBundle": true,
      "license": "MIT"
    },
    "node_modules/discord-bot-cdk-construct/node_modules/xhr-status": {
      "version": "1.0.1",
      "inBundle": true,
      "license": "MIT"
    },
    "node_modules/discord-bot-cdk-construct/node_modules/xml2js": {
      "version": "0.5.0",
      "inBundle": true,
      "license": "MIT",
      "dependencies": {
        "sax": ">=0.6.0",
        "xmlbuilder": "~11.0.0"
      },
      "engines": {
        "node": ">=4.0.0"
      }
    },
    "node_modules/discord-bot-cdk-construct/node_modules/xml2js/node_modules/xmlbuilder": {
      "version": "11.0.1",
      "inBundle": true,
      "license": "MIT",
      "engines": {
        "node": ">=4.0"
      }
    },
    "node_modules/dot-prop": {
      "version": "5.3.0",
      "resolved": "https://registry.npmjs.org/dot-prop/-/dot-prop-5.3.0.tgz",
      "integrity": "sha512-QM8q3zDe58hqUqjraQOmzZ1LIH9SWQJTlEKCH4kJ2oQvLZk7RbQXvtDM2XEq3fwkV9CCvvH4LA0AV+ogFsBM2Q==",
      "dev": true,
      "dependencies": {
        "is-obj": "^2.0.0"
      },
      "engines": {
        "node": ">=8"
      }
    },
    "node_modules/is-obj": {
      "version": "2.0.0",
      "resolved": "https://registry.npmjs.org/is-obj/-/is-obj-2.0.0.tgz",
      "integrity": "sha512-drqDG3cbczxxEJRoOXcOjtdp1J/lyp1mNn0xaznRs8+muBhgQcrnbspox5X5fOw0HnMnbfDzvnEMEtqDEJEo8w==",
      "dev": true,
      "engines": {
        "node": ">=8"
      }
    }
  }
}
